// !$*UTF8*$!
{
	archiveVersion = 1;
	classes = {
	};
	objectVersion = 50;
	objects = {

/* Begin PBXBuildFile section */
		C20B6734245E000100CEE52C /* MyInstallerPane.m in Sources */ = {isa = PBXBuildFile; fileRef = C20B6733245E000100CEE52C /* MyInstallerPane.m */; };
		C20B6737245E000100CEE52C /* MyInstallerPane.xib in Resources */ = {isa = PBXBuildFile; fileRef = C20B6735245E000100CEE52C /* MyInstallerPane.xib */; };
		C20B673A245E000100CEE52C /* Localizable.strings in Resources */ = {isa = PBXBuildFile; fileRef = C20B6738245E000100CEE52C /* Localizable.strings */; };
		C20B673C245E000100CEE52C /* InstallerSections.plist in Resources */ = {isa = PBXBuildFile; fileRef = C20B673B245E000100CEE52C /* InstallerSections.plist */; };
		C20B6740245E000100CEE52C /* InfoPlist.strings in Resources */ = {isa = PBXBuildFile; fileRef = C20B673E245E000100CEE52C /* InfoPlist.strings */; };
/* End PBXBuildFile section */

/* Begin PBXFileReference section */
		C20B672F245E000100CEE52C /* SpecialDelivery.bundle */ = {isa = PBXFileReference; explicitFileType = wrapper.cfbundle; includeInIndex = 0; path = SpecialDelivery.bundle; sourceTree = BUILT_PRODUCTS_DIR; };
		C20B6732245E000100CEE52C /* MyInstallerPane.h */ = {isa = PBXFileReference; lastKnownFileType = sourcecode.c.h; path = MyInstallerPane.h; sourceTree = "<group>"; };
		C20B6733245E000100CEE52C /* MyInstallerPane.m */ = {isa = PBXFileReference; lastKnownFileType = sourcecode.c.objc; path = MyInstallerPane.m; sourceTree = "<group>"; };
		C20B6736245E000100CEE52C /* Base */ = {isa = PBXFileReference; lastKnownFileType = file.xib; name = Base; path = Base.lproj/MyInstallerPane.xib; sourceTree = "<group>"; };
		C20B6739245E000100CEE52C /* en */ = {isa = PBXFileReference; lastKnownFileType = text.plist.strings; name = en; path = en.lproj/Localizable.strings; sourceTree = "<group>"; };
		C20B673B245E000100CEE52C /* InstallerSections.plist */ = {isa = PBXFileReference; lastKnownFileType = text.plist.xml; path = InstallerSections.plist; sourceTree = "<group>"; };
		C20B673D245E000100CEE52C /* Info.plist */ = {isa = PBXFileReference; lastKnownFileType = text.plist.xml; path = Info.plist; sourceTree = "<group>"; };
		C20B673F245E000100CEE52C /* en */ = {isa = PBXFileReference; lastKnownFileType = text.plist.strings; name = en; path = en.lproj/InfoPlist.strings; sourceTree = "<group>"; };
/* End PBXFileReference section */

/* Begin PBXFrameworksBuildPhase section */
		C20B672C245E000100CEE52C /* Frameworks */ = {
			isa = PBXFrameworksBuildPhase;
			buildActionMask = 2147483647;
			files = (
			);
			runOnlyForDeploymentPostprocessing = 0;
		};
/* End PBXFrameworksBuildPhase section */

/* Begin PBXGroup section */
		C20B6726245E000100CEE52C = {
			isa = PBXGroup;
			children = (
				C20B6731245E000100CEE52C /* SpecialDelivery */,
				C20B6730245E000100CEE52C /* Products */,
			);
			sourceTree = "<group>";
		};
		C20B6730245E000100CEE52C /* Products */ = {
			isa = PBXGroup;
			children = (
				C20B672F245E000100CEE52C /* SpecialDelivery.bundle */,
			);
			name = Products;
			sourceTree = "<group>";
		};
		C20B6731245E000100CEE52C /* SpecialDelivery */ = {
			isa = PBXGroup;
			children = (
				C20B6732245E000100CEE52C /* MyInstallerPane.h */,
				C20B6733245E000100CEE52C /* MyInstallerPane.m */,
				C20B6735245E000100CEE52C /* MyInstallerPane.xib */,
				C20B6738245E000100CEE52C /* Localizable.strings */,
				C20B673B245E000100CEE52C /* InstallerSections.plist */,
				C20B673D245E000100CEE52C /* Info.plist */,
				C20B673E245E000100CEE52C /* InfoPlist.strings */,
			);
			path = SpecialDelivery;
			sourceTree = "<group>";
		};
/* End PBXGroup section */

/* Begin PBXNativeTarget section */
		C20B672E245E000100CEE52C /* SpecialDelivery */ = {
			isa = PBXNativeTarget;
			buildConfigurationList = C20B6743245E000100CEE52C /* Build configuration list for PBXNativeTarget "SpecialDelivery" */;
			buildPhases = (
				C20B672B245E000100CEE52C /* Sources */,
				C20B672C245E000100CEE52C /* Frameworks */,
				C20B672D245E000100CEE52C /* Resources */,
			);
			buildRules = (
			);
			dependencies = (
			);
			name = SpecialDelivery;
			productName = SpecialDelivery;
			productReference = C20B672F245E000100CEE52C /* SpecialDelivery.bundle */;
			productType = "com.apple.product-type.bundle";
		};
/* End PBXNativeTarget section */

/* Begin PBXProject section */
		C20B6727245E000100CEE52C /* Project object */ = {
			isa = PBXProject;
			attributes = {
				LastUpgradeCheck = 1140;
				ORGANIZATIONNAME = xorrior;
				TargetAttributes = {
					C20B672E245E000100CEE52C = {
						CreatedOnToolsVersion = 11.4.1;
					};
				};
			};
			buildConfigurationList = C20B672A245E000100CEE52C /* Build configuration list for PBXProject "SpecialDelivery" */;
			compatibilityVersion = "Xcode 9.3";
			developmentRegion = en;
			hasScannedForEncodings = 0;
			knownRegions = (
				en,
				Base,
			);
			mainGroup = C20B6726245E000100CEE52C;
			productRefGroup = C20B6730245E000100CEE52C /* Products */;
			projectDirPath = "";
			projectRoot = "";
			targets = (
				C20B672E245E000100CEE52C /* SpecialDelivery */,
			);
		};
/* End PBXProject section */

/* Begin PBXResourcesBuildPhase section */
		C20B672D245E000100CEE52C /* Resources */ = {
			isa = PBXResourcesBuildPhase;
			buildActionMask = 2147483647;
			files = (
				C20B6737245E000100CEE52C /* MyInstallerPane.xib in Resources */,
				C20B6740245E000100CEE52C /* InfoPlist.strings in Resources */,
				C20B673A245E000100CEE52C /* Localizable.strings in Resources */,
				C20B673C245E000100CEE52C /* InstallerSections.plist in Resources */,
			);
			runOnlyForDeploymentPostprocessing = 0;
		};
/* End PBXResourcesBuildPhase section */

/* Begin PBXSourcesBuildPhase section */
		C20B672B245E000100CEE52C /* Sources */ = {
			isa = PBXSourcesBuildPhase;
			buildActionMask = 2147483647;
			files = (
				C20B6734245E000100CEE52C /* MyInstallerPane.m in Sources */,
			);
			runOnlyForDeploymentPostprocessing = 0;
		};
/* End PBXSourcesBuildPhase section */

/* Begin PBXVariantGroup section */
		C20B6735245E000100CEE52C /* MyInstallerPane.xib */ = {
			isa = PBXVariantGroup;
			children = (
				C20B6736245E000100CEE52C /* Base */,
			);
			name = MyInstallerPane.xib;
			sourceTree = "<group>";
		};
		C20B6738245E000100CEE52C /* Localizable.strings */ = {
			isa = PBXVariantGroup;
			children = (
				C20B6739245E000100CEE52C /* en */,
			);
			name = Localizable.strings;
			sourceTree = "<group>";
		};
		C20B673E245E000100CEE52C /* InfoPlist.strings */ = {
			isa = PBXVariantGroup;
			children = (
				C20B673F245E000100CEE52C /* en */,
			);
			name = InfoPlist.strings;
			sourceTree = "<group>";
		};
/* End PBXVariantGroup section */

/* Begin XCBuildConfiguration section */
		C20B6741245E000100CEE52C /* Debug */ = {
			isa = XCBuildConfiguration;
			buildSettings = {
				ALWAYS_SEARCH_USER_PATHS = NO;
				CLANG_ANALYZER_NONNULL = YES;
				CLANG_ANALYZER_NUMBER_OBJECT_CONVERSION = YES_AGGRESSIVE;
				CLANG_CXX_LANGUAGE_STANDARD = "gnu++14";
				CLANG_CXX_LIBRARY = "libc++";
				CLANG_ENABLE_MODULES = YES;
				CLANG_ENABLE_OBJC_ARC = YES;
				CLANG_ENABLE_OBJC_WEAK = YES;
				CLANG_WARN_BLOCK_CAPTURE_AUTORELEASING = YES;
				CLANG_WARN_BOOL_CONVERSION = YES;
				CLANG_WARN_COMMA = YES;
				CLANG_WARN_CONSTANT_CONVERSION = YES;
				CLANG_WARN_DEPRECATED_OBJC_IMPLEMENTATIONS = YES;
				CLANG_WARN_DIRECT_OBJC_ISA_USAGE = YES_ERROR;
				CLANG_WARN_DOCUMENTATION_COMMENTS = YES;
				CLANG_WARN_EMPTY_BODY = YES;
				CLANG_WARN_ENUM_CONVERSION = YES;
				CLANG_WARN_INFINITE_RECURSION = YES;
				CLANG_WARN_INT_CONVERSION = YES;
				CLANG_WARN_NON_LITERAL_NULL_CONVERSION = YES;
				CLANG_WARN_OBJC_IMPLICIT_RETAIN_SELF = YES;
				CLANG_WARN_OBJC_LITERAL_CONVERSION = YES;
				CLANG_WARN_OBJC_ROOT_CLASS = YES_ERROR;
				CLANG_WARN_RANGE_LOOP_ANALYSIS = YES;
				CLANG_WARN_STRICT_PROTOTYPES = YES;
				CLANG_WARN_SUSPICIOUS_MOVE = YES;
				CLANG_WARN_UNGUARDED_AVAILABILITY = YES_AGGRESSIVE;
				CLANG_WARN_UNREACHABLE_CODE = YES;
				CLANG_WARN__DUPLICATE_METHOD_MATCH = YES;
				COPY_PHASE_STRIP = NO;
				DEBUG_INFORMATION_FORMAT = dwarf;
				ENABLE_STRICT_OBJC_MSGSEND = YES;
				ENABLE_TESTABILITY = YES;
				GCC_C_LANGUAGE_STANDARD = gnu11;
				GCC_DYNAMIC_NO_PIC = NO;
				GCC_NO_COMMON_BLOCKS = YES;
				GCC_OPTIMIZATION_LEVEL = 0;
				GCC_PREPROCESSOR_DEFINITIONS = (
					"DEBUG=1",
					"$(inherited)",
				);
				GCC_WARN_64_TO_32_BIT_CONVERSION = YES;
				GCC_WARN_ABOUT_RETURN_TYPE = YES_ERROR;
				GCC_WARN_UNDECLARED_SELECTOR = YES;
				GCC_WARN_UNINITIALIZED_AUTOS = YES_AGGRESSIVE;
				GCC_WARN_UNUSED_FUNCTION = YES;
				GCC_WARN_UNUSED_VARIABLE = YES;
				MACOSX_DEPLOYMENT_TARGET = 10.15;
				MTL_ENABLE_DEBUG_INFO = INCLUDE_SOURCE;
				MTL_FAST_MATH = YES;
				ONLY_ACTIVE_ARCH = YES;
				SDKROOT = macosx;
			};
			name = Debug;
		};
		C20B6742245E000100CEE52C /* Release */ = {
			isa = XCBuildConfiguration;
			buildSettings = {
				ALWAYS_SEARCH_USER_PATHS = NO;
				CLANG_ANALYZER_NONNULL = YES;
				CLANG_ANALYZER_NUMBER_OBJECT_CONVERSION = YES_AGGRESSIVE;
				CLANG_CXX_LANGUAGE_STANDARD = "gnu++14";
				CLANG_CXX_LIBRARY = "libc++";
				CLANG_ENABLE_MODULES = YES;
				CLANG_ENABLE_OBJC_ARC = YES;
				CLANG_ENABLE_OBJC_WEAK = YES;
				CLANG_WARN_BLOCK_CAPTURE_AUTORELEASING = YES;
				CLANG_WARN_BOOL_CONVERSION = YES;
				CLANG_WARN_COMMA = YES;
				CLANG_WARN_CONSTANT_CONVERSION = YES;
				CLANG_WARN_DEPRECATED_OBJC_IMPLEMENTATIONS = YES;
				CLANG_WARN_DIRECT_OBJC_ISA_USAGE = YES_ERROR;
				CLANG_WARN_DOCUMENTATION_COMMENTS = YES;
				CLANG_WARN_EMPTY_BODY = YES;
				CLANG_WARN_ENUM_CONVERSION = YES;
				CLANG_WARN_INFINITE_RECURSION = YES;
				CLANG_WARN_INT_CONVERSION = YES;
				CLANG_WARN_NON_LITERAL_NULL_CONVERSION = YES;
				CLANG_WARN_OBJC_IMPLICIT_RETAIN_SELF = YES;
				CLANG_WARN_OBJC_LITERAL_CONVERSION = YES;
				CLANG_WARN_OBJC_ROOT_CLASS = YES_ERROR;
				CLANG_WARN_RANGE_LOOP_ANALYSIS = YES;
				CLANG_WARN_STRICT_PROTOTYPES = YES;
				CLANG_WARN_SUSPICIOUS_MOVE = YES;
				CLANG_WARN_UNGUARDED_AVAILABILITY = YES_AGGRESSIVE;
				CLANG_WARN_UNREACHABLE_CODE = YES;
				CLANG_WARN__DUPLICATE_METHOD_MATCH = YES;
				COPY_PHASE_STRIP = NO;
				DEBUG_INFORMATION_FORMAT = "dwarf-with-dsym";
				ENABLE_NS_ASSERTIONS = NO;
				ENABLE_STRICT_OBJC_MSGSEND = YES;
				GCC_C_LANGUAGE_STANDARD = gnu11;
				GCC_NO_COMMON_BLOCKS = YES;
				GCC_WARN_64_TO_32_BIT_CONVERSION = YES;
				GCC_WARN_ABOUT_RETURN_TYPE = YES_ERROR;
				GCC_WARN_UNDECLARED_SELECTOR = YES;
				GCC_WARN_UNINITIALIZED_AUTOS = YES_AGGRESSIVE;
				GCC_WARN_UNUSED_FUNCTION = YES;
				GCC_WARN_UNUSED_VARIABLE = YES;
				MACOSX_DEPLOYMENT_TARGET = 10.15;
				MTL_ENABLE_DEBUG_INFO = NO;
				MTL_FAST_MATH = YES;
				SDKROOT = macosx;
			};
			name = Release;
		};
		C20B6744245E000100CEE52C /* Debug */ = {
			isa = XCBuildConfiguration;
			buildSettings = {
				CODE_SIGN_STYLE = Automatic;
				COMBINE_HIDPI_IMAGES = YES;
				DEVELOPMENT_TEAM = "";
				INFOPLIST_FILE = SpecialDelivery/Info.plist;
				INSTALL_PATH = "$(HOME)/Library/Bundles";
				PRODUCT_BUNDLE_IDENTIFIER = com.apple.SpecialDelivery;
				PRODUCT_NAME = "$(TARGET_NAME)";
				WRAPPER_EXTENSION = bundle;
			};
			name = Debug;
		};
		C20B6745245E000100CEE52C /* Release */ = {
			isa = XCBuildConfiguration;
			buildSettings = {
				CODE_SIGN_STYLE = Automatic;
				COMBINE_HIDPI_IMAGES = YES;
				DEVELOPMENT_TEAM = "";
				INFOPLIST_FILE = SpecialDelivery/Info.plist;
				INSTALL_PATH = "$(HOME)/Library/Bundles";
				PRODUCT_BUNDLE_IDENTIFIER = com.apple.SpecialDelivery;
				PRODUCT_NAME = "$(TARGET_NAME)";
				WRAPPER_EXTENSION = bundle;
			};
			name = Release;
		};
/* End XCBuildConfiguration section */

/* Begin XCConfigurationList section */
		C20B672A245E000100CEE52C /* Build configuration list for PBXProject "SpecialDelivery" */ = {
			isa = XCConfigurationList;
			buildConfigurations = (
				C20B6741245E000100CEE52C /* Debug */,
				C20B6742245E000100CEE52C /* Release */,
			);
			defaultConfigurationIsVisible = 0;
			defaultConfigurationName = Release;
		};
		C20B6743245E000100CEE52C /* Build configuration list for PBXNativeTarget "SpecialDelivery" */ = {
			isa = XCConfigurationList;
			buildConfigurations = (
				C20B6744245E000100CEE52C /* Debug */,
				C20B6745245E000100CEE52C /* Release */,
			);
			defaultConfigurationIsVisible = 0;
			defaultConfigurationName = Release;
		};
/* End XCConfigurationList section */
	};
	rootObject = C20B6727245E000100CEE52C /* Project object */;
}
